// !$*UTF8*$!
{
	archiveVersion = 1;
	classes = {
	};
	objectVersion = 56;
	objects = {

/* Begin PBXBuildFile section */
		2241C0242C70616000E06E22 /* DynamicFilteredView.swift in Sources */ = {isa = PBXBuildFile; fileRef = 2241C0232C70616000E06E22 /* DynamicFilteredView.swift */; };
		2241CC972C6F7A22004B3C2F /* TaskManagerApp.swift in Sources */ = {isa = PBXBuildFile; fileRef = 2241CC962C6F7A22004B3C2F /* TaskManagerApp.swift */; };
		2241CC992C6F7A22004B3C2F /* ContentView.swift in Sources */ = {isa = PBXBuildFile; fileRef = 2241CC982C6F7A22004B3C2F /* ContentView.swift */; };
		2241CC9B2C6F7A23004B3C2F /* Assets.xcassets in Resources */ = {isa = PBXBuildFile; fileRef = 2241CC9A2C6F7A23004B3C2F /* Assets.xcassets */; };
		2241CC9E2C6F7A23004B3C2F /* Preview Assets.xcassets in Resources */ = {isa = PBXBuildFile; fileRef = 2241CC9D2C6F7A23004B3C2F /* Preview Assets.xcassets */; };
		2241CCA02C6F7A23004B3C2F /* Persistence.swift in Sources */ = {isa = PBXBuildFile; fileRef = 2241CC9F2C6F7A23004B3C2F /* Persistence.swift */; };
		2241CCA32C6F7A23004B3C2F /* TaskManager.xcdatamodeld in Sources */ = {isa = PBXBuildFile; fileRef = 2241CCA12C6F7A23004B3C2F /* TaskManager.xcdatamodeld */; };
		2241CCAD2C6F7A24004B3C2F /* TaskManagerTests.swift in Sources */ = {isa = PBXBuildFile; fileRef = 2241CCAC2C6F7A24004B3C2F /* TaskManagerTests.swift */; };
		2241CCB72C6F7A24004B3C2F /* TaskManagerUITests.swift in Sources */ = {isa = PBXBuildFile; fileRef = 2241CCB62C6F7A24004B3C2F /* TaskManagerUITests.swift */; };
		2241CCB92C6F7A24004B3C2F /* TaskManagerUITestsLaunchTests.swift in Sources */ = {isa = PBXBuildFile; fileRef = 2241CCB82C6F7A24004B3C2F /* TaskManagerUITestsLaunchTests.swift */; };
		2241CCC82C6F7B10004B3C2F /* Home.swift in Sources */ = {isa = PBXBuildFile; fileRef = 2241CCC72C6F7B10004B3C2F /* Home.swift */; };
		2241CCCA2C6F7D0D004B3C2F /* TaskViewModel.swift in Sources */ = {isa = PBXBuildFile; fileRef = 2241CCC92C6F7D0D004B3C2F /* TaskViewModel.swift */; };
		2241CCCC2C6F8504004B3C2F /* AddNewTask.swift in Sources */ = {isa = PBXBuildFile; fileRef = 2241CCCB2C6F8504004B3C2F /* AddNewTask.swift */; };
/* End PBXBuildFile section */

/* Begin PBXContainerItemProxy section */
		2241CCA92C6F7A24004B3C2F /* PBXContainerItemProxy */ = {
			isa = PBXContainerItemProxy;
			containerPortal = 2241CC8B2C6F7A22004B3C2F /* Project object */;
			proxyType = 1;
			remoteGlobalIDString = 2241CC922C6F7A22004B3C2F;
			remoteInfo = TaskManager;
		};
		2241CCB32C6F7A24004B3C2F /* PBXContainerItemProxy */ = {
			isa = PBXContainerItemProxy;
			containerPortal = 2241CC8B2C6F7A22004B3C2F /* Project object */;
			proxyType = 1;
			remoteGlobalIDString = 2241CC922C6F7A22004B3C2F;
			remoteInfo = TaskManager;
		};
/* End PBXContainerItemProxy section */

/* Begin PBXFileReference section */
		2241C0232C70616000E06E22 /* DynamicFilteredView.swift */ = {isa = PBXFileReference; lastKnownFileType = sourcecode.swift; path = DynamicFilteredView.swift; sourceTree = "<group>"; };
		2241CC932C6F7A22004B3C2F /* TaskManager.app */ = {isa = PBXFileReference; explicitFileType = wrapper.application; includeInIndex = 0; path = TaskManager.app; sourceTree = BUILT_PRODUCTS_DIR; };
		2241CC962C6F7A22004B3C2F /* TaskManagerApp.swift */ = {isa = PBXFileReference; lastKnownFileType = sourcecode.swift; path = TaskManagerApp.swift; sourceTree = "<group>"; };
		2241CC982C6F7A22004B3C2F /* ContentView.swift */ = {isa = PBXFileReference; lastKnownFileType = sourcecode.swift; path = ContentView.swift; sourceTree = "<group>"; };
		2241CC9A2C6F7A23004B3C2F /* Assets.xcassets */ = {isa = PBXFileReference; lastKnownFileType = folder.assetcatalog; path = Assets.xcassets; sourceTree = "<group>"; };
		2241CC9D2C6F7A23004B3C2F /* Preview Assets.xcassets */ = {isa = PBXFileReference; lastKnownFileType = folder.assetcatalog; path = "Preview Assets.xcassets"; sourceTree = "<group>"; };
		2241CC9F2C6F7A23004B3C2F /* Persistence.swift */ = {isa = PBXFileReference; lastKnownFileType = sourcecode.swift; path = Persistence.swift; sourceTree = "<group>"; };
		2241CCA22C6F7A23004B3C2F /* TaskManager.xcdatamodel */ = {isa = PBXFileReference; lastKnownFileType = wrapper.xcdatamodel; path = TaskManager.xcdatamodel; sourceTree = "<group>"; };
		2241CCA82C6F7A24004B3C2F /* TaskManagerTests.xctest */ = {isa = PBXFileReference; explicitFileType = wrapper.cfbundle; includeInIndex = 0; path = TaskManagerTests.xctest; sourceTree = BUILT_PRODUCTS_DIR; };
		2241CCAC2C6F7A24004B3C2F /* TaskManagerTests.swift */ = {isa = PBXFileReference; lastKnownFileType = sourcecode.swift; path = TaskManagerTests.swift; sourceTree = "<group>"; };
		2241CCB22C6F7A24004B3C2F /* TaskManagerUITests.xctest */ = {isa = PBXFileReference; explicitFileType = wrapper.cfbundle; includeInIndex = 0; path = TaskManagerUITests.xctest; sourceTree = BUILT_PRODUCTS_DIR; };
		2241CCB62C6F7A24004B3C2F /* TaskManagerUITests.swift */ = {isa = PBXFileReference; lastKnownFileType = sourcecode.swift; path = TaskManagerUITests.swift; sourceTree = "<group>"; };
		2241CCB82C6F7A24004B3C2F /* TaskManagerUITestsLaunchTests.swift */ = {isa = PBXFileReference; lastKnownFileType = sourcecode.swift; path = TaskManagerUITestsLaunchTests.swift; sourceTree = "<group>"; };
		2241CCC72C6F7B10004B3C2F /* Home.swift */ = {isa = PBXFileReference; lastKnownFileType = sourcecode.swift; path = Home.swift; sourceTree = "<group>"; };
		2241CCC92C6F7D0D004B3C2F /* TaskViewModel.swift */ = {isa = PBXFileReference; lastKnownFileType = sourcecode.swift; path = TaskViewModel.swift; sourceTree = "<group>"; };
		2241CCCB2C6F8504004B3C2F /* AddNewTask.swift */ = {isa = PBXFileReference; lastKnownFileType = sourcecode.swift; path = AddNewTask.swift; sourceTree = "<group>"; };
/* End PBXFileReference section */

/* Begin PBXFrameworksBuildPhase section */
		2241CC902C6F7A22004B3C2F /* Frameworks */ = {
			isa = PBXFrameworksBuildPhase;
			buildActionMask = 2147483647;
			files = (
			);
			runOnlyForDeploymentPostprocessing = 0;
		};
		2241CCA52C6F7A24004B3C2F /* Frameworks */ = {
			isa = PBXFrameworksBuildPhase;
			buildActionMask = 2147483647;
			files = (
			);
			runOnlyForDeploymentPostprocessing = 0;
		};
		2241CCAF2C6F7A24004B3C2F /* Frameworks */ = {
			isa = PBXFrameworksBuildPhase;
			buildActionMask = 2147483647;
			files = (
			);
			runOnlyForDeploymentPostprocessing = 0;
		};
/* End PBXFrameworksBuildPhase section */

/* Begin PBXGroup section */
		2241CC8A2C6F7A22004B3C2F = {
			isa = PBXGroup;
			children = (
				2241CC952C6F7A22004B3C2F /* TaskManager */,
				2241CCAB2C6F7A24004B3C2F /* TaskManagerTests */,
				2241CCB52C6F7A24004B3C2F /* TaskManagerUITests */,
				2241CC942C6F7A22004B3C2F /* Products */,
			);
			sourceTree = "<group>";
		};
		2241CC942C6F7A22004B3C2F /* Products */ = {
			isa = PBXGroup;
			children = (
				2241CC932C6F7A22004B3C2F /* TaskManager.app */,
				2241CCA82C6F7A24004B3C2F /* TaskManagerTests.xctest */,
				2241CCB22C6F7A24004B3C2F /* TaskManagerUITests.xctest */,
			);
			name = Products;
			sourceTree = "<group>";
		};
		2241CC952C6F7A22004B3C2F /* TaskManager */ = {
			isa = PBXGroup;
			children = (
				2241CCC62C6F7B00004B3C2F /* ViewModel */,
				2241CCC52C6F7AFB004B3C2F /* View */,
				2241CC962C6F7A22004B3C2F /* TaskManagerApp.swift */,
				2241CC982C6F7A22004B3C2F /* ContentView.swift */,
				2241CC9A2C6F7A23004B3C2F /* Assets.xcassets */,
				2241CC9F2C6F7A23004B3C2F /* Persistence.swift */,
				2241CCA12C6F7A23004B3C2F /* TaskManager.xcdatamodeld */,
				2241CC9C2C6F7A23004B3C2F /* Preview Content */,
			);
			path = TaskManager;
			sourceTree = "<group>";
		};
		2241CC9C2C6F7A23004B3C2F /* Preview Content */ = {
			isa = PBXGroup;
			children = (
				2241CC9D2C6F7A23004B3C2F /* Preview Assets.xcassets */,
			);
			path = "Preview Content";
			sourceTree = "<group>";
		};
		2241CCAB2C6F7A24004B3C2F /* TaskManagerTests */ = {
			isa = PBXGroup;
			children = (
				2241CCAC2C6F7A24004B3C2F /* TaskManagerTests.swift */,
			);
			path = TaskManagerTests;
			sourceTree = "<group>";
		};
		2241CCB52C6F7A24004B3C2F /* TaskManagerUITests */ = {
			isa = PBXGroup;
			children = (
				2241CCB62C6F7A24004B3C2F /* TaskManagerUITests.swift */,
				2241CCB82C6F7A24004B3C2F /* TaskManagerUITestsLaunchTests.swift */,
			);
			path = TaskManagerUITests;
			sourceTree = "<group>";
		};
		2241CCC52C6F7AFB004B3C2F /* View */ = {
			isa = PBXGroup;
			children = (
				2241CCC72C6F7B10004B3C2F /* Home.swift */,
				2241CCCB2C6F8504004B3C2F /* AddNewTask.swift */,
				2241C0232C70616000E06E22 /* DynamicFilteredView.swift */,
			);
			path = View;
			sourceTree = "<group>";
		};
		2241CCC62C6F7B00004B3C2F /* ViewModel */ = {
			isa = PBXGroup;
			children = (
				2241CCC92C6F7D0D004B3C2F /* TaskViewModel.swift */,
			);
			path = ViewModel;
			sourceTree = "<group>";
		};
/* End PBXGroup section */

/* Begin PBXNativeTarget section */
		2241CC922C6F7A22004B3C2F /* TaskManager */ = {
			isa = PBXNativeTarget;
			buildConfigurationList = 2241CCBC2C6F7A24004B3C2F /* Build configuration list for PBXNativeTarget "TaskManager" */;
			buildPhases = (
				2241CC8F2C6F7A22004B3C2F /* Sources */,
				2241CC902C6F7A22004B3C2F /* Frameworks */,
				2241CC912C6F7A22004B3C2F /* Resources */,
			);
			buildRules = (
			);
			dependencies = (
			);
			name = TaskManager;
			productName = TaskManager;
			productReference = 2241CC932C6F7A22004B3C2F /* TaskManager.app */;
			productType = "com.apple.product-type.application";
		};
		2241CCA72C6F7A24004B3C2F /* TaskManagerTests */ = {
			isa = PBXNativeTarget;
			buildConfigurationList = 2241CCBF2C6F7A24004B3C2F /* Build configuration list for PBXNativeTarget "TaskManagerTests" */;
			buildPhases = (
				2241CCA42C6F7A24004B3C2F /* Sources */,
				2241CCA52C6F7A24004B3C2F /* Frameworks */,
				2241CCA62C6F7A24004B3C2F /* Resources */,
			);
			buildRules = (
			);
			dependencies = (
				2241CCAA2C6F7A24004B3C2F /* PBXTargetDependency */,
			);
			name = TaskManagerTests;
			productName = TaskManagerTests;
			productReference = 2241CCA82C6F7A24004B3C2F /* TaskManagerTests.xctest */;
			productType = "com.apple.product-type.bundle.unit-test";
		};
		2241CCB12C6F7A24004B3C2F /* TaskManagerUITests */ = {
			isa = PBXNativeTarget;
			buildConfigurationList = 2241CCC22C6F7A24004B3C2F /* Build configuration list for PBXNativeTarget "TaskManagerUITests" */;
			buildPhases = (
				2241CCAE2C6F7A24004B3C2F /* Sources */,
				2241CCAF2C6F7A24004B3C2F /* Frameworks */,
				2241CCB02C6F7A24004B3C2F /* Resources */,
			);
			buildRules = (
			);
			dependencies = (
				2241CCB42C6F7A24004B3C2F /* PBXTargetDependency */,
			);
			name = TaskManagerUITests;
			productName = TaskManagerUITests;
			productReference = 2241CCB22C6F7A24004B3C2F /* TaskManagerUITests.xctest */;
			productType = "com.apple.product-type.bundle.ui-testing";
		};
/* End PBXNativeTarget section */

/* Begin PBXProject section */
		2241CC8B2C6F7A22004B3C2F /* Project object */ = {
			isa = PBXProject;
			attributes = {
				BuildIndependentTargetsInParallel = 1;
				LastSwiftUpdateCheck = 1540;
				LastUpgradeCheck = 1540;
				TargetAttributes = {
					2241CC922C6F7A22004B3C2F = {
						CreatedOnToolsVersion = 15.4;
					};
					2241CCA72C6F7A24004B3C2F = {
						CreatedOnToolsVersion = 15.4;
						TestTargetID = 2241CC922C6F7A22004B3C2F;
					};
					2241CCB12C6F7A24004B3C2F = {
						CreatedOnToolsVersion = 15.4;
						TestTargetID = 2241CC922C6F7A22004B3C2F;
					};
				};
			};
			buildConfigurationList = 2241CC8E2C6F7A22004B3C2F /* Build configuration list for PBXProject "TaskManager" */;
			compatibilityVersion = "Xcode 14.0";
			developmentRegion = en;
			hasScannedForEncodings = 0;
			knownRegions = (
				en,
				Base,
			);
			mainGroup = 2241CC8A2C6F7A22004B3C2F;
			productRefGroup = 2241CC942C6F7A22004B3C2F /* Products */;
			projectDirPath = "";
			projectRoot = "";
			targets = (
				2241CC922C6F7A22004B3C2F /* TaskManager */,
				2241CCA72C6F7A24004B3C2F /* TaskManagerTests */,
				2241CCB12C6F7A24004B3C2F /* TaskManagerUITests */,
			);
		};
/* End PBXProject section */

/* Begin PBXResourcesBuildPhase section */
		2241CC912C6F7A22004B3C2F /* Resources */ = {
			isa = PBXResourcesBuildPhase;
			buildActionMask = 2147483647;
			files = (
				2241CC9E2C6F7A23004B3C2F /* Preview Assets.xcassets in Resources */,
				2241CC9B2C6F7A23004B3C2F /* Assets.xcassets in Resources */,
			);
			runOnlyForDeploymentPostprocessing = 0;
		};
		2241CCA62C6F7A24004B3C2F /* Resources */ = {
			isa = PBXResourcesBuildPhase;
			buildActionMask = 2147483647;
			files = (
			);
			runOnlyForDeploymentPostprocessing = 0;
		};
		2241CCB02C6F7A24004B3C2F /* Resources */ = {
			isa = PBXResourcesBuildPhase;
			buildActionMask = 2147483647;
			files = (
			);
			runOnlyForDeploymentPostprocessing = 0;
		};
/* End PBXResourcesBuildPhase section */

/* Begin PBXSourcesBuildPhase section */
		2241CC8F2C6F7A22004B3C2F /* Sources */ = {
			isa = PBXSourcesBuildPhase;
			buildActionMask = 2147483647;
			files = (
				2241CCA02C6F7A23004B3C2F /* Persistence.swift in Sources */,
				2241CC992C6F7A22004B3C2F /* ContentView.swift in Sources */,
				2241CCCA2C6F7D0D004B3C2F /* TaskViewModel.swift in Sources */,
				2241C0242C70616000E06E22 /* DynamicFilteredView.swift in Sources */,
				2241CCC82C6F7B10004B3C2F /* Home.swift in Sources */,
				2241CCCC2C6F8504004B3C2F /* AddNewTask.swift in Sources */,
				2241CCA32C6F7A23004B3C2F /* TaskManager.xcdatamodeld in Sources */,
				2241CC972C6F7A22004B3C2F /* TaskManagerApp.swift in Sources */,
			);
			runOnlyForDeploymentPostprocessing = 0;
		};
		2241CCA42C6F7A24004B3C2F /* Sources */ = {
			isa = PBXSourcesBuildPhase;
			buildActionMask = 2147483647;
			files = (
				2241CCAD2C6F7A24004B3C2F /* TaskManagerTests.swift in Sources */,
			);
			runOnlyForDeploymentPostprocessing = 0;
		};
		2241CCAE2C6F7A24004B3C2F /* Sources */ = {
			isa = PBXSourcesBuildPhase;
			buildActionMask = 2147483647;
			files = (
				2241CCB72C6F7A24004B3C2F /* TaskManagerUITests.swift in Sources */,
				2241CCB92C6F7A24004B3C2F /* TaskManagerUITestsLaunchTests.swift in Sources */,
			);
			runOnlyForDeploymentPostprocessing = 0;
		};
/* End PBXSourcesBuildPhase section */

/* Begin PBXTargetDependency section */
		2241CCAA2C6F7A24004B3C2F /* PBXTargetDependency */ = {
			isa = PBXTargetDependency;
			target = 2241CC922C6F7A22004B3C2F /* TaskManager */;
			targetProxy = 2241CCA92C6F7A24004B3C2F /* PBXContainerItemProxy */;
		};
		2241CCB42C6F7A24004B3C2F /* PBXTargetDependency */ = {
			isa = PBXTargetDependency;
			target = 2241CC922C6F7A22004B3C2F /* TaskManager */;
			targetProxy = 2241CCB32C6F7A24004B3C2F /* PBXContainerItemProxy */;
		};
/* End PBXTargetDependency section */

/* Begin XCBuildConfiguration section */
		2241CCBA2C6F7A24004B3C2F /* Debug */ = {
			isa = XCBuildConfiguration;
			buildSettings = {
				ALWAYS_SEARCH_USER_PATHS = NO;
				ASSETCATALOG_COMPILER_GENERATE_SWIFT_ASSET_SYMBOL_EXTENSIONS = YES;
				CLANG_ANALYZER_NONNULL = YES;
				CLANG_ANALYZER_NUMBER_OBJECT_CONVERSION = YES_AGGRESSIVE;
				CLANG_CXX_LANGUAGE_STANDARD = "gnu++20";
				CLANG_ENABLE_MODULES = YES;
				CLANG_ENABLE_OBJC_ARC = YES;
				CLANG_ENABLE_OBJC_WEAK = YES;
				CLANG_WARN_BLOCK_CAPTURE_AUTORELEASING = YES;
				CLANG_WARN_BOOL_CONVERSION = YES;
				CLANG_WARN_COMMA = YES;
				CLANG_WARN_CONSTANT_CONVERSION = YES;
				CLANG_WARN_DEPRECATED_OBJC_IMPLEMENTATIONS = YES;
				CLANG_WARN_DIRECT_OBJC_ISA_USAGE = YES_ERROR;
				CLANG_WARN_DOCUMENTATION_COMMENTS = YES;
				CLANG_WARN_EMPTY_BODY = YES;
				CLANG_WARN_ENUM_CONVERSION = YES;
				CLANG_WARN_INFINITE_RECURSION = YES;
				CLANG_WARN_INT_CONVERSION = YES;
				CLANG_WARN_NON_LITERAL_NULL_CONVERSION = YES;
				CLANG_WARN_OBJC_IMPLICIT_RETAIN_SELF = YES;
				CLANG_WARN_OBJC_LITERAL_CONVERSION = YES;
				CLANG_WARN_OBJC_ROOT_CLASS = YES_ERROR;
				CLANG_WARN_QUOTED_INCLUDE_IN_FRAMEWORK_HEADER = YES;
				CLANG_WARN_RANGE_LOOP_ANALYSIS = YES;
				CLANG_WARN_STRICT_PROTOTYPES = YES;
				CLANG_WARN_SUSPICIOUS_MOVE = YES;
				CLANG_WARN_UNGUARDED_AVAILABILITY = YES_AGGRESSIVE;
				CLANG_WARN_UNREACHABLE_CODE = YES;
				CLANG_WARN__DUPLICATE_METHOD_MATCH = YES;
				COPY_PHASE_STRIP = NO;
				DEBUG_INFORMATION_FORMAT = dwarf;
				ENABLE_STRICT_OBJC_MSGSEND = YES;
				ENABLE_TESTABILITY = YES;
				ENABLE_USER_SCRIPT_SANDBOXING = YES;
				GCC_C_LANGUAGE_STANDARD = gnu17;
				GCC_DYNAMIC_NO_PIC = NO;
				GCC_NO_COMMON_BLOCKS = YES;
				GCC_OPTIMIZATION_LEVEL = 0;
				GCC_PREPROCESSOR_DEFINITIONS = (
					"DEBUG=1",
					"$(inherited)",
				);
				GCC_WARN_64_TO_32_BIT_CONVERSION = YES;
				GCC_WARN_ABOUT_RETURN_TYPE = YES_ERROR;
				GCC_WARN_UNDECLARED_SELECTOR = YES;
				GCC_WARN_UNINITIALIZED_AUTOS = YES_AGGRESSIVE;
				GCC_WARN_UNUSED_FUNCTION = YES;
				GCC_WARN_UNUSED_VARIABLE = YES;
				IPHONEOS_DEPLOYMENT_TARGET = 17.5;
				LOCALIZATION_PREFERS_STRING_CATALOGS = YES;
				MTL_ENABLE_DEBUG_INFO = INCLUDE_SOURCE;
				MTL_FAST_MATH = YES;
				ONLY_ACTIVE_ARCH = YES;
				SDKROOT = iphoneos;
				SWIFT_ACTIVE_COMPILATION_CONDITIONS = "DEBUG $(inherited)";
				SWIFT_OPTIMIZATION_LEVEL = "-Onone";
			};
			name = Debug;
		};
		2241CCBB2C6F7A24004B3C2F /* Release */ = {
			isa = XCBuildConfiguration;
			buildSettings = {
				ALWAYS_SEARCH_USER_PATHS = NO;
				ASSETCATALOG_COMPILER_GENERATE_SWIFT_ASSET_SYMBOL_EXTENSIONS = YES;
				CLANG_ANALYZER_NONNULL = YES;
				CLANG_ANALYZER_NUMBER_OBJECT_CONVERSION = YES_AGGRESSIVE;
				CLANG_CXX_LANGUAGE_STANDARD = "gnu++20";
				CLANG_ENABLE_MODULES = YES;
				CLANG_ENABLE_OBJC_ARC = YES;
				CLANG_ENABLE_OBJC_WEAK = YES;
				CLANG_WARN_BLOCK_CAPTURE_AUTORELEASING = YES;
				CLANG_WARN_BOOL_CONVERSION = YES;
				CLANG_WARN_COMMA = YES;
				CLANG_WARN_CONSTANT_CONVERSION = YES;
				CLANG_WARN_DEPRECATED_OBJC_IMPLEMENTATIONS = YES;
				CLANG_WARN_DIRECT_OBJC_ISA_USAGE = YES_ERROR;
				CLANG_WARN_DOCUMENTATION_COMMENTS = YES;
				CLANG_WARN_EMPTY_BODY = YES;
				CLANG_WARN_ENUM_CONVERSION = YES;
				CLANG_WARN_INFINITE_RECURSION = YES;
				CLANG_WARN_INT_CONVERSION = YES;
				CLANG_WARN_NON_LITERAL_NULL_CONVERSION = YES;
				CLANG_WARN_OBJC_IMPLICIT_RETAIN_SELF = YES;
				CLANG_WARN_OBJC_LITERAL_CONVERSION = YES;
				CLANG_WARN_OBJC_ROOT_CLASS = YES_ERROR;
				CLANG_WARN_QUOTED_INCLUDE_IN_FRAMEWORK_HEADER = YES;
				CLANG_WARN_RANGE_LOOP_ANALYSIS = YES;
				CLANG_WARN_STRICT_PROTOTYPES = YES;
				CLANG_WARN_SUSPICIOUS_MOVE = YES;
				CLANG_WARN_UNGUARDED_AVAILABILITY = YES_AGGRESSIVE;
				CLANG_WARN_UNREACHABLE_CODE = YES;
				CLANG_WARN__DUPLICATE_METHOD_MATCH = YES;
				COPY_PHASE_STRIP = NO;
				DEBUG_INFORMATION_FORMAT = "dwarf-with-dsym";
				ENABLE_NS_ASSERTIONS = NO;
				ENABLE_STRICT_OBJC_MSGSEND = YES;
				ENABLE_USER_SCRIPT_SANDBOXING = YES;
				GCC_C_LANGUAGE_STANDARD = gnu17;
				GCC_NO_COMMON_BLOCKS = YES;
				GCC_WARN_64_TO_32_BIT_CONVERSION = YES;
				GCC_WARN_ABOUT_RETURN_TYPE = YES_ERROR;
				GCC_WARN_UNDECLARED_SELECTOR = YES;
				GCC_WARN_UNINITIALIZED_AUTOS = YES_AGGRESSIVE;
				GCC_WARN_UNUSED_FUNCTION = YES;
				GCC_WARN_UNUSED_VARIABLE = YES;
				IPHONEOS_DEPLOYMENT_TARGET = 17.5;
				LOCALIZATION_PREFERS_STRING_CATALOGS = YES;
				MTL_ENABLE_DEBUG_INFO = NO;
				MTL_FAST_MATH = YES;
				SDKROOT = iphoneos;
				SWIFT_COMPILATION_MODE = wholemodule;
				VALIDATE_PRODUCT = YES;
			};
			name = Release;
		};
		2241CCBD2C6F7A24004B3C2F /* Debug */ = {
			isa = XCBuildConfiguration;
			buildSettings = {
				ASSETCATALOG_COMPILER_APPICON_NAME = AppIcon;
				ASSETCATALOG_COMPILER_GLOBAL_ACCENT_COLOR_NAME = AccentColor;
				CODE_SIGN_STYLE = Automatic;
				CURRENT_PROJECT_VERSION = 1;
				DEVELOPMENT_ASSET_PATHS = "\"TaskManager/Preview Content\"";
				DEVELOPMENT_TEAM = 8H9PG65358;
				ENABLE_PREVIEWS = YES;
				GENERATE_INFOPLIST_FILE = YES;
				INFOPLIST_KEY_UIApplicationSceneManifest_Generation = YES;
				INFOPLIST_KEY_UIApplicationSupportsIndirectInputEvents = YES;
				INFOPLIST_KEY_UILaunchScreen_Generation = YES;
				INFOPLIST_KEY_UISupportedInterfaceOrientations_iPad = "UIInterfaceOrientationPortrait UIInterfaceOrientationPortraitUpsideDown UIInterfaceOrientationLandscapeLeft UIInterfaceOrientationLandscapeRight";
				INFOPLIST_KEY_UISupportedInterfaceOrientations_iPhone = "UIInterfaceOrientationPortrait UIInterfaceOrientationLandscapeLeft UIInterfaceOrientationLandscapeRight";
				LD_RUNPATH_SEARCH_PATHS = (
					"$(inherited)",
					"@executable_path/Frameworks",
				);
				MARKETING_VERSION = 1.0;
				PRODUCT_BUNDLE_IDENTIFIER = com.nara.TaskManager;
				PRODUCT_NAME = "$(TARGET_NAME)";
				SWIFT_EMIT_LOC_STRINGS = YES;
				SWIFT_VERSION = 5.0;
				TARGETED_DEVICE_FAMILY = "1,2";
			};
			name = Debug;
		};
		2241CCBE2C6F7A24004B3C2F /* Release */ = {
			isa = XCBuildConfiguration;
			buildSettings = {
				ASSETCATALOG_COMPILER_APPICON_NAME = AppIcon;
				ASSETCATALOG_COMPILER_GLOBAL_ACCENT_COLOR_NAME = AccentColor;
				CODE_SIGN_STYLE = Automatic;
				CURRENT_PROJECT_VERSION = 1;
				DEVELOPMENT_ASSET_PATHS = "\"TaskManager/Preview Content\"";
				DEVELOPMENT_TEAM = 8H9PG65358;
				ENABLE_PREVIEWS = YES;
				GENERATE_INFOPLIST_FILE = YES;
				INFOPLIST_KEY_UIApplicationSceneManifest_Generation = YES;
				INFOPLIST_KEY_UIApplicationSupportsIndirectInputEvents = YES;
				INFOPLIST_KEY_UILaunchScreen_Generation = YES;
				INFOPLIST_KEY_UISupportedInterfaceOrientations_iPad = "UIInterfaceOrientationPortrait UIInterfaceOrientationPortraitUpsideDown UIInterfaceOrientationLandscapeLeft UIInterfaceOrientationLandscapeRight";
				INFOPLIST_KEY_UISupportedInterfaceOrientations_iPhone = "UIInterfaceOrientationPortrait UIInterfaceOrientationLandscapeLeft UIInterfaceOrientationLandscapeRight";
				LD_RUNPATH_SEARCH_PATHS = (
					"$(inherited)",
					"@executable_path/Frameworks",
				);
				MARKETING_VERSION = 1.0;
				PRODUCT_BUNDLE_IDENTIFIER = com.nara.TaskManager;
				PRODUCT_NAME = "$(TARGET_NAME)";
				SWIFT_EMIT_LOC_STRINGS = YES;
				SWIFT_VERSION = 5.0;
				TARGETED_DEVICE_FAMILY = "1,2";
			};
			name = Release;
		};
		2241CCC02C6F7A24004B3C2F /* Debug */ = {
			isa = XCBuildConfiguration;
			buildSettings = {
				ALWAYS_EMBED_SWIFT_STANDARD_LIBRARIES = YES;
				BUNDLE_LOADER = "$(TEST_HOST)";
				CODE_SIGN_STYLE = Automatic;
				CURRENT_PROJECT_VERSION = 1;
				DEVELOPMENT_TEAM = 8H9PG65358;
				GENERATE_INFOPLIST_FILE = YES;
				IPHONEOS_DEPLOYMENT_TARGET = 17.5;
				MARKETING_VERSION = 1.0;
				PRODUCT_BUNDLE_IDENTIFIER = com.nara.TaskManagerTests;
				PRODUCT_NAME = "$(TARGET_NAME)";
				SWIFT_EMIT_LOC_STRINGS = NO;
				SWIFT_VERSION = 5.0;
				TARGETED_DEVICE_FAMILY = "1,2";
				TEST_HOST = "$(BUILT_PRODUCTS_DIR)/TaskManager.app/$(BUNDLE_EXECUTABLE_FOLDER_PATH)/TaskManager";
			};
			name = Debug;
		};
		2241CCC12C6F7A24004B3C2F /* Release */ = {
			isa = XCBuildConfiguration;
			buildSettings = {
				ALWAYS_EMBED_SWIFT_STANDARD_LIBRARIES = YES;
				BUNDLE_LOADER = "$(TEST_HOST)";
				CODE_SIGN_STYLE = Automatic;
				CURRENT_PROJECT_VERSION = 1;
				DEVELOPMENT_TEAM = 8H9PG65358;
				GENERATE_INFOPLIST_FILE = YES;
				IPHONEOS_DEPLOYMENT_TARGET = 17.5;
				MARKETING_VERSION = 1.0;
				PRODUCT_BUNDLE_IDENTIFIER = com.nara.TaskManagerTests;
				PRODUCT_NAME = "$(TARGET_NAME)";
				SWIFT_EMIT_LOC_STRINGS = NO;
				SWIFT_VERSION = 5.0;
				TARGETED_DEVICE_FAMILY = "1,2";
				TEST_HOST = "$(BUILT_PRODUCTS_DIR)/TaskManager.app/$(BUNDLE_EXECUTABLE_FOLDER_PATH)/TaskManager";
			};
			name = Release;
		};
		2241CCC32C6F7A24004B3C2F /* Debug */ = {
			isa = XCBuildConfiguration;
			buildSettings = {
				ALWAYS_EMBED_SWIFT_STANDARD_LIBRARIES = YES;
				CODE_SIGN_STYLE = Automatic;
				CURRENT_PROJECT_VERSION = 1;
				DEVELOPMENT_TEAM = 8H9PG65358;
				GENERATE_INFOPLIST_FILE = YES;
				MARKETING_VERSION = 1.0;
				PRODUCT_BUNDLE_IDENTIFIER = com.nara.TaskManagerUITests;
				PRODUCT_NAME = "$(TARGET_NAME)";
				SWIFT_EMIT_LOC_STRINGS = NO;
				SWIFT_VERSION = 5.0;
				TARGETED_DEVICE_FAMILY = "1,2";
				TEST_TARGET_NAME = TaskManager;
			};
			name = Debug;
		};
		2241CCC42C6F7A24004B3C2F /* Release */ = {
			isa = XCBuildConfiguration;
			buildSettings = {
				ALWAYS_EMBED_SWIFT_STANDARD_LIBRARIES = YES;
				CODE_SIGN_STYLE = Automatic;
				CURRENT_PROJECT_VERSION = 1;
				DEVELOPMENT_TEAM = 8H9PG65358;
				GENERATE_INFOPLIST_FILE = YES;
				MARKETING_VERSION = 1.0;
				PRODUCT_BUNDLE_IDENTIFIER = com.nara.TaskManagerUITests;
				PRODUCT_NAME = "$(TARGET_NAME)";
				SWIFT_EMIT_LOC_STRINGS = NO;
				SWIFT_VERSION = 5.0;
				TARGETED_DEVICE_FAMILY = "1,2";
				TEST_TARGET_NAME = TaskManager;
			};
			name = Release;
		};
/* End XCBuildConfiguration section */

/* Begin XCConfigurationList section */
		2241CC8E2C6F7A22004B3C2F /* Build configuration list for PBXProject "TaskManager" */ = {
			isa = XCConfigurationList;
			buildConfigurations = (
				2241CCBA2C6F7A24004B3C2F /* Debug */,
				2241CCBB2C6F7A24004B3C2F /* Release */,
			);
			defaultConfigurationIsVisible = 0;
			defaultConfigurationName = Release;
		};
		2241CCBC2C6F7A24004B3C2F /* Build configuration list for PBXNativeTarget "TaskManager" */ = {
			isa = XCConfigurationList;
			buildConfigurations = (
				2241CCBD2C6F7A24004B3C2F /* Debug */,
				2241CCBE2C6F7A24004B3C2F /* Release */,
			);
			defaultConfigurationIsVisible = 0;
			defaultConfigurationName = Release;
		};
		2241CCBF2C6F7A24004B3C2F /* Build configuration list for PBXNativeTarget "TaskManagerTests" */ = {
			isa = XCConfigurationList;
			buildConfigurations = (
				2241CCC02C6F7A24004B3C2F /* Debug */,
				2241CCC12C6F7A24004B3C2F /* Release */,
			);
			defaultConfigurationIsVisible = 0;
			defaultConfigurationName = Release;
		};
		2241CCC22C6F7A24004B3C2F /* Build configuration list for PBXNativeTarget "TaskManagerUITests" */ = {
			isa = XCConfigurationList;
			buildConfigurations = (
				2241CCC32C6F7A24004B3C2F /* Debug */,
				2241CCC42C6F7A24004B3C2F /* Release */,
			);
			defaultConfigurationIsVisible = 0;
			defaultConfigurationName = Release;
		};
/* End XCConfigurationList section */

/* Begin XCVersionGroup section */
		2241CCA12C6F7A23004B3C2F /* TaskManager.xcdatamodeld */ = {
			isa = XCVersionGroup;
			children = (
				2241CCA22C6F7A23004B3C2F /* TaskManager.xcdatamodel */,
			);
			currentVersion = 2241CCA22C6F7A23004B3C2F /* TaskManager.xcdatamodel */;
			path = TaskManager.xcdatamodeld;
			sourceTree = "<group>";
			versionGroupType = wrapper.xcdatamodel;
		};
/* End XCVersionGroup section */
	};
	rootObject = 2241CC8B2C6F7A22004B3C2F /* Project object */;
}
